// !$*UTF8*$!
{
	archiveVersion = 1;
	classes = {
	};
	objectVersion = 56;
	objects = {

/* Begin PBXBuildFile section */
		CFE907CA2BF1C1DE00CCB1B3 /* iQuizApp.swift in Sources */ = {isa = PBXBuildFile; fileRef = CFE907C92BF1C1DE00CCB1B3 /* iQuizApp.swift */; };
		CFE907CC2BF1C1DE00CCB1B3 /* ContentView.swift in Sources */ = {isa = PBXBuildFile; fileRef = CFE907CB2BF1C1DE00CCB1B3 /* ContentView.swift */; };
		CFE907CE2BF1C1DF00CCB1B3 /* Assets.xcassets in Resources */ = {isa = PBXBuildFile; fileRef = CFE907CD2BF1C1DF00CCB1B3 /* Assets.xcassets */; };
		CFE907D12BF1C1DF00CCB1B3 /* Preview Assets.xcassets in Resources */ = {isa = PBXBuildFile; fileRef = CFE907D02BF1C1DF00CCB1B3 /* Preview Assets.xcassets */; };
		CFE907DB2BF1C1DF00CCB1B3 /* iQuizTests.swift in Sources */ = {isa = PBXBuildFile; fileRef = CFE907DA2BF1C1DF00CCB1B3 /* iQuizTests.swift */; };
		CFE907E52BF1C1DF00CCB1B3 /* iQuizUITests.swift in Sources */ = {isa = PBXBuildFile; fileRef = CFE907E42BF1C1DF00CCB1B3 /* iQuizUITests.swift */; };
		CFE907E72BF1C1DF00CCB1B3 /* iQuizUITestsLaunchTests.swift in Sources */ = {isa = PBXBuildFile; fileRef = CFE907E62BF1C1DF00CCB1B3 /* iQuizUITestsLaunchTests.swift */; };
		CFE907F52BF1C8C200CCB1B3 /* QuizTopics.swift in Sources */ = {isa = PBXBuildFile; fileRef = CFE907F42BF1C8C200CCB1B3 /* QuizTopics.swift */; };
		CFE907F82BF1C8E500CCB1B3 /* TopicRow.swift in Sources */ = {isa = PBXBuildFile; fileRef = CFE907F72BF1C8E500CCB1B3 /* TopicRow.swift */; };
		CFE907FA2BF1C8F300CCB1B3 /* QuestionsView.swift in Sources */ = {isa = PBXBuildFile; fileRef = CFE907F92BF1C8F300CCB1B3 /* QuestionsView.swift */; };
		CFE907FD2BF1C91100CCB1B3 /* QuestionViewModel.swift in Sources */ = {isa = PBXBuildFile; fileRef = CFE907FC2BF1C91100CCB1B3 /* QuestionViewModel.swift */; };
		CFE908002BF1C91F00CCB1B3 /* Constants.swift in Sources */ = {isa = PBXBuildFile; fileRef = CFE907FF2BF1C91F00CCB1B3 /* Constants.swift */; };
/* End PBXBuildFile section */

/* Begin PBXContainerItemProxy section */
		CFE907D72BF1C1DF00CCB1B3 /* PBXContainerItemProxy */ = {
			isa = PBXContainerItemProxy;
			containerPortal = CFE907BE2BF1C1DD00CCB1B3 /* Project object */;
			proxyType = 1;
			remoteGlobalIDString = CFE907C52BF1C1DD00CCB1B3;
			remoteInfo = iQuiz;
		};
		CFE907E12BF1C1DF00CCB1B3 /* PBXContainerItemProxy */ = {
			isa = PBXContainerItemProxy;
			containerPortal = CFE907BE2BF1C1DD00CCB1B3 /* Project object */;
			proxyType = 1;
			remoteGlobalIDString = CFE907C52BF1C1DD00CCB1B3;
			remoteInfo = iQuiz;
		};
/* End PBXContainerItemProxy section */

/* Begin PBXFileReference section */
		CFE907C62BF1C1DD00CCB1B3 /* iQuiz.app */ = {isa = PBXFileReference; explicitFileType = wrapper.application; includeInIndex = 0; path = iQuiz.app; sourceTree = BUILT_PRODUCTS_DIR; };
		CFE907C92BF1C1DE00CCB1B3 /* iQuizApp.swift */ = {isa = PBXFileReference; lastKnownFileType = sourcecode.swift; path = iQuizApp.swift; sourceTree = "<group>"; };
		CFE907CB2BF1C1DE00CCB1B3 /* ContentView.swift */ = {isa = PBXFileReference; lastKnownFileType = sourcecode.swift; path = ContentView.swift; sourceTree = "<group>"; };
		CFE907CD2BF1C1DF00CCB1B3 /* Assets.xcassets */ = {isa = PBXFileReference; lastKnownFileType = folder.assetcatalog; path = Assets.xcassets; sourceTree = "<group>"; };
		CFE907D02BF1C1DF00CCB1B3 /* Preview Assets.xcassets */ = {isa = PBXFileReference; lastKnownFileType = folder.assetcatalog; path = "Preview Assets.xcassets"; sourceTree = "<group>"; };
		CFE907D62BF1C1DF00CCB1B3 /* iQuizTests.xctest */ = {isa = PBXFileReference; explicitFileType = wrapper.cfbundle; includeInIndex = 0; path = iQuizTests.xctest; sourceTree = BUILT_PRODUCTS_DIR; };
		CFE907DA2BF1C1DF00CCB1B3 /* iQuizTests.swift */ = {isa = PBXFileReference; lastKnownFileType = sourcecode.swift; path = iQuizTests.swift; sourceTree = "<group>"; };
		CFE907E02BF1C1DF00CCB1B3 /* iQuizUITests.xctest */ = {isa = PBXFileReference; explicitFileType = wrapper.cfbundle; includeInIndex = 0; path = iQuizUITests.xctest; sourceTree = BUILT_PRODUCTS_DIR; };
		CFE907E42BF1C1DF00CCB1B3 /* iQuizUITests.swift */ = {isa = PBXFileReference; lastKnownFileType = sourcecode.swift; path = iQuizUITests.swift; sourceTree = "<group>"; };
		CFE907E62BF1C1DF00CCB1B3 /* iQuizUITestsLaunchTests.swift */ = {isa = PBXFileReference; lastKnownFileType = sourcecode.swift; path = iQuizUITestsLaunchTests.swift; sourceTree = "<group>"; };
		CFE907F42BF1C8C200CCB1B3 /* QuizTopics.swift */ = {isa = PBXFileReference; lastKnownFileType = sourcecode.swift; path = QuizTopics.swift; sourceTree = "<group>"; };
		CFE907F72BF1C8E500CCB1B3 /* TopicRow.swift */ = {isa = PBXFileReference; lastKnownFileType = sourcecode.swift; path = TopicRow.swift; sourceTree = "<group>"; };
		CFE907F92BF1C8F300CCB1B3 /* QuestionsView.swift */ = {isa = PBXFileReference; lastKnownFileType = sourcecode.swift; path = QuestionsView.swift; sourceTree = "<group>"; };
		CFE907FC2BF1C91100CCB1B3 /* QuestionViewModel.swift */ = {isa = PBXFileReference; lastKnownFileType = sourcecode.swift; path = QuestionViewModel.swift; sourceTree = "<group>"; };
		CFE907FF2BF1C91F00CCB1B3 /* Constants.swift */ = {isa = PBXFileReference; lastKnownFileType = sourcecode.swift; path = Constants.swift; sourceTree = "<group>"; };
/* End PBXFileReference section */

/* Begin PBXFrameworksBuildPhase section */
		CFE907C32BF1C1DD00CCB1B3 /* Frameworks */ = {
			isa = PBXFrameworksBuildPhase;
			buildActionMask = 2147483647;
			files = (
			);
			runOnlyForDeploymentPostprocessing = 0;
		};
		CFE907D32BF1C1DF00CCB1B3 /* Frameworks */ = {
			isa = PBXFrameworksBuildPhase;
			buildActionMask = 2147483647;
			files = (
			);
			runOnlyForDeploymentPostprocessing = 0;
		};
		CFE907DD2BF1C1DF00CCB1B3 /* Frameworks */ = {
			isa = PBXFrameworksBuildPhase;
			buildActionMask = 2147483647;
			files = (
			);
			runOnlyForDeploymentPostprocessing = 0;
		};
/* End PBXFrameworksBuildPhase section */

/* Begin PBXGroup section */
		CFE907BD2BF1C1DD00CCB1B3 = {
			isa = PBXGroup;
			children = (
				CFE907C82BF1C1DE00CCB1B3 /* iQuiz */,
				CFE907D92BF1C1DF00CCB1B3 /* iQuizTests */,
				CFE907E32BF1C1DF00CCB1B3 /* iQuizUITests */,
				CFE907C72BF1C1DD00CCB1B3 /* Products */,
			);
			sourceTree = "<group>";
		};
		CFE907C72BF1C1DD00CCB1B3 /* Products */ = {
			isa = PBXGroup;
			children = (
				CFE907C62BF1C1DD00CCB1B3 /* iQuiz.app */,
				CFE907D62BF1C1DF00CCB1B3 /* iQuizTests.xctest */,
				CFE907E02BF1C1DF00CCB1B3 /* iQuizUITests.xctest */,
			);
			name = Products;
			sourceTree = "<group>";
		};
		CFE907C82BF1C1DE00CCB1B3 /* iQuiz */ = {
			isa = PBXGroup;
			children = (
				CFE907FE2BF1C91500CCB1B3 /* Helpers */,
				CFE907FB2BF1C8FB00CCB1B3 /* ViewModels */,
				CFE907F62BF1C8CB00CCB1B3 /* Views */,
				CFE907F32BF1C8AB00CCB1B3 /* Models */,
				CFE907C92BF1C1DE00CCB1B3 /* iQuizApp.swift */,
				CFE907CD2BF1C1DF00CCB1B3 /* Assets.xcassets */,
				CFE907CF2BF1C1DF00CCB1B3 /* Preview Content */,
			);
			path = iQuiz;
			sourceTree = "<group>";
		};
		CFE907CF2BF1C1DF00CCB1B3 /* Preview Content */ = {
			isa = PBXGroup;
			children = (
				CFE907D02BF1C1DF00CCB1B3 /* Preview Assets.xcassets */,
			);
			path = "Preview Content";
			sourceTree = "<group>";
		};
		CFE907D92BF1C1DF00CCB1B3 /* iQuizTests */ = {
			isa = PBXGroup;
			children = (
				CFE907DA2BF1C1DF00CCB1B3 /* iQuizTests.swift */,
			);
			path = iQuizTests;
			sourceTree = "<group>";
		};
		CFE907E32BF1C1DF00CCB1B3 /* iQuizUITests */ = {
			isa = PBXGroup;
			children = (
				CFE907E42BF1C1DF00CCB1B3 /* iQuizUITests.swift */,
				CFE907E62BF1C1DF00CCB1B3 /* iQuizUITestsLaunchTests.swift */,
			);
			path = iQuizUITests;
			sourceTree = "<group>";
		};
		CFE907F32BF1C8AB00CCB1B3 /* Models */ = {
			isa = PBXGroup;
			children = (
				CFE907F42BF1C8C200CCB1B3 /* QuizTopics.swift */,
			);
			path = Models;
			sourceTree = "<group>";
		};
		CFE907F62BF1C8CB00CCB1B3 /* Views */ = {
			isa = PBXGroup;
			children = (
				CFE907CB2BF1C1DE00CCB1B3 /* ContentView.swift */,
				CFE907F72BF1C8E500CCB1B3 /* TopicRow.swift */,
				CFE907F92BF1C8F300CCB1B3 /* QuestionsView.swift */,
			);
			path = Views;
			sourceTree = "<group>";
		};
		CFE907FB2BF1C8FB00CCB1B3 /* ViewModels */ = {
			isa = PBXGroup;
			children = (
				CFE907FC2BF1C91100CCB1B3 /* QuestionViewModel.swift */,
			);
			path = ViewModels;
			sourceTree = "<group>";
		};
		CFE907FE2BF1C91500CCB1B3 /* Helpers */ = {
			isa = PBXGroup;
			children = (
				CFE907FF2BF1C91F00CCB1B3 /* Constants.swift */,
			);
			path = Helpers;
			sourceTree = "<group>";
		};
/* End PBXGroup section */

/* Begin PBXNativeTarget section */
		CFE907C52BF1C1DD00CCB1B3 /* iQuiz */ = {
			isa = PBXNativeTarget;
			buildConfigurationList = CFE907EA2BF1C1DF00CCB1B3 /* Build configuration list for PBXNativeTarget "iQuiz" */;
			buildPhases = (
				CFE907C22BF1C1DD00CCB1B3 /* Sources */,
				CFE907C32BF1C1DD00CCB1B3 /* Frameworks */,
				CFE907C42BF1C1DD00CCB1B3 /* Resources */,
			);
			buildRules = (
			);
			dependencies = (
			);
			name = iQuiz;
			productName = iQuiz;
			productReference = CFE907C62BF1C1DD00CCB1B3 /* iQuiz.app */;
			productType = "com.apple.product-type.application";
		};
		CFE907D52BF1C1DF00CCB1B3 /* iQuizTests */ = {
			isa = PBXNativeTarget;
			buildConfigurationList = CFE907ED2BF1C1DF00CCB1B3 /* Build configuration list for PBXNativeTarget "iQuizTests" */;
			buildPhases = (
				CFE907D22BF1C1DF00CCB1B3 /* Sources */,
				CFE907D32BF1C1DF00CCB1B3 /* Frameworks */,
				CFE907D42BF1C1DF00CCB1B3 /* Resources */,
			);
			buildRules = (
			);
			dependencies = (
				CFE907D82BF1C1DF00CCB1B3 /* PBXTargetDependency */,
			);
			name = iQuizTests;
			productName = iQuizTests;
			productReference = CFE907D62BF1C1DF00CCB1B3 /* iQuizTests.xctest */;
			productType = "com.apple.product-type.bundle.unit-test";
		};
		CFE907DF2BF1C1DF00CCB1B3 /* iQuizUITests */ = {
			isa = PBXNativeTarget;
			buildConfigurationList = CFE907F02BF1C1DF00CCB1B3 /* Build configuration list for PBXNativeTarget "iQuizUITests" */;
			buildPhases = (
				CFE907DC2BF1C1DF00CCB1B3 /* Sources */,
				CFE907DD2BF1C1DF00CCB1B3 /* Frameworks */,
				CFE907DE2BF1C1DF00CCB1B3 /* Resources */,
			);
			buildRules = (
			);
			dependencies = (
				CFE907E22BF1C1DF00CCB1B3 /* PBXTargetDependency */,
			);
			name = iQuizUITests;
			productName = iQuizUITests;
			productReference = CFE907E02BF1C1DF00CCB1B3 /* iQuizUITests.xctest */;
			productType = "com.apple.product-type.bundle.ui-testing";
		};
/* End PBXNativeTarget section */

/* Begin PBXProject section */
		CFE907BE2BF1C1DD00CCB1B3 /* Project object */ = {
			isa = PBXProject;
			attributes = {
				BuildIndependentTargetsInParallel = 1;
				LastSwiftUpdateCheck = 1520;
				LastUpgradeCheck = 1520;
				TargetAttributes = {
					CFE907C52BF1C1DD00CCB1B3 = {
						CreatedOnToolsVersion = 15.2;
					};
					CFE907D52BF1C1DF00CCB1B3 = {
						CreatedOnToolsVersion = 15.2;
						TestTargetID = CFE907C52BF1C1DD00CCB1B3;
					};
					CFE907DF2BF1C1DF00CCB1B3 = {
						CreatedOnToolsVersion = 15.2;
						TestTargetID = CFE907C52BF1C1DD00CCB1B3;
					};
				};
			};
			buildConfigurationList = CFE907C12BF1C1DD00CCB1B3 /* Build configuration list for PBXProject "iQuiz" */;
			compatibilityVersion = "Xcode 14.0";
			developmentRegion = en;
			hasScannedForEncodings = 0;
			knownRegions = (
				en,
				Base,
			);
			mainGroup = CFE907BD2BF1C1DD00CCB1B3;
			productRefGroup = CFE907C72BF1C1DD00CCB1B3 /* Products */;
			projectDirPath = "";
			projectRoot = "";
			targets = (
				CFE907C52BF1C1DD00CCB1B3 /* iQuiz */,
				CFE907D52BF1C1DF00CCB1B3 /* iQuizTests */,
				CFE907DF2BF1C1DF00CCB1B3 /* iQuizUITests */,
			);
		};
/* End PBXProject section */

/* Begin PBXResourcesBuildPhase section */
		CFE907C42BF1C1DD00CCB1B3 /* Resources */ = {
			isa = PBXResourcesBuildPhase;
			buildActionMask = 2147483647;
			files = (
				CFE907D12BF1C1DF00CCB1B3 /* Preview Assets.xcassets in Resources */,
				CFE907CE2BF1C1DF00CCB1B3 /* Assets.xcassets in Resources */,
			);
			runOnlyForDeploymentPostprocessing = 0;
		};
		CFE907D42BF1C1DF00CCB1B3 /* Resources */ = {
			isa = PBXResourcesBuildPhase;
			buildActionMask = 2147483647;
			files = (
			);
			runOnlyForDeploymentPostprocessing = 0;
		};
		CFE907DE2BF1C1DF00CCB1B3 /* Resources */ = {
			isa = PBXResourcesBuildPhase;
			buildActionMask = 2147483647;
			files = (
			);
			runOnlyForDeploymentPostprocessing = 0;
		};
/* End PBXResourcesBuildPhase section */

/* Begin PBXSourcesBuildPhase section */
		CFE907C22BF1C1DD00CCB1B3 /* Sources */ = {
			isa = PBXSourcesBuildPhase;
			buildActionMask = 2147483647;
			files = (
				CFE907F82BF1C8E500CCB1B3 /* TopicRow.swift in Sources */,
				CFE907CC2BF1C1DE00CCB1B3 /* ContentView.swift in Sources */,
				CFE907F52BF1C8C200CCB1B3 /* QuizTopics.swift in Sources */,
				CFE907FA2BF1C8F300CCB1B3 /* QuestionsView.swift in Sources */,
				CFE908002BF1C91F00CCB1B3 /* Constants.swift in Sources */,
				CFE907FD2BF1C91100CCB1B3 /* QuestionViewModel.swift in Sources */,
				CFE907CA2BF1C1DE00CCB1B3 /* iQuizApp.swift in Sources */,
			);
			runOnlyForDeploymentPostprocessing = 0;
		};
		CFE907D22BF1C1DF00CCB1B3 /* Sources */ = {
			isa = PBXSourcesBuildPhase;
			buildActionMask = 2147483647;
			files = (
				CFE907DB2BF1C1DF00CCB1B3 /* iQuizTests.swift in Sources */,
			);
			runOnlyForDeploymentPostprocessing = 0;
		};
		CFE907DC2BF1C1DF00CCB1B3 /* Sources */ = {
			isa = PBXSourcesBuildPhase;
			buildActionMask = 2147483647;
			files = (
				CFE907E52BF1C1DF00CCB1B3 /* iQuizUITests.swift in Sources */,
				CFE907E72BF1C1DF00CCB1B3 /* iQuizUITestsLaunchTests.swift in Sources */,
			);
			runOnlyForDeploymentPostprocessing = 0;
		};
/* End PBXSourcesBuildPhase section */

/* Begin PBXTargetDependency section */
		CFE907D82BF1C1DF00CCB1B3 /* PBXTargetDependency */ = {
			isa = PBXTargetDependency;
			target = CFE907C52BF1C1DD00CCB1B3 /* iQuiz */;
			targetProxy = CFE907D72BF1C1DF00CCB1B3 /* PBXContainerItemProxy */;
		};
		CFE907E22BF1C1DF00CCB1B3 /* PBXTargetDependency */ = {
			isa = PBXTargetDependency;
			target = CFE907C52BF1C1DD00CCB1B3 /* iQuiz */;
			targetProxy = CFE907E12BF1C1DF00CCB1B3 /* PBXContainerItemProxy */;
		};
/* End PBXTargetDependency section */

/* Begin XCBuildConfiguration section */
		CFE907E82BF1C1DF00CCB1B3 /* Debug */ = {
			isa = XCBuildConfiguration;
			buildSettings = {
				ALWAYS_SEARCH_USER_PATHS = NO;
				ASSETCATALOG_COMPILER_GENERATE_SWIFT_ASSET_SYMBOL_EXTENSIONS = YES;
				CLANG_ANALYZER_NONNULL = YES;
				CLANG_ANALYZER_NUMBER_OBJECT_CONVERSION = YES_AGGRESSIVE;
				CLANG_CXX_LANGUAGE_STANDARD = "gnu++20";
				CLANG_ENABLE_MODULES = YES;
				CLANG_ENABLE_OBJC_ARC = YES;
				CLANG_ENABLE_OBJC_WEAK = YES;
				CLANG_WARN_BLOCK_CAPTURE_AUTORELEASING = YES;
				CLANG_WARN_BOOL_CONVERSION = YES;
				CLANG_WARN_COMMA = YES;
				CLANG_WARN_CONSTANT_CONVERSION = YES;
				CLANG_WARN_DEPRECATED_OBJC_IMPLEMENTATIONS = YES;
				CLANG_WARN_DIRECT_OBJC_ISA_USAGE = YES_ERROR;
				CLANG_WARN_DOCUMENTATION_COMMENTS = YES;
				CLANG_WARN_EMPTY_BODY = YES;
				CLANG_WARN_ENUM_CONVERSION = YES;
				CLANG_WARN_INFINITE_RECURSION = YES;
				CLANG_WARN_INT_CONVERSION = YES;
				CLANG_WARN_NON_LITERAL_NULL_CONVERSION = YES;
				CLANG_WARN_OBJC_IMPLICIT_RETAIN_SELF = YES;
				CLANG_WARN_OBJC_LITERAL_CONVERSION = YES;
				CLANG_WARN_OBJC_ROOT_CLASS = YES_ERROR;
				CLANG_WARN_QUOTED_INCLUDE_IN_FRAMEWORK_HEADER = YES;
				CLANG_WARN_RANGE_LOOP_ANALYSIS = YES;
				CLANG_WARN_STRICT_PROTOTYPES = YES;
				CLANG_WARN_SUSPICIOUS_MOVE = YES;
				CLANG_WARN_UNGUARDED_AVAILABILITY = YES_AGGRESSIVE;
				CLANG_WARN_UNREACHABLE_CODE = YES;
				CLANG_WARN__DUPLICATE_METHOD_MATCH = YES;
				COPY_PHASE_STRIP = NO;
				DEBUG_INFORMATION_FORMAT = dwarf;
				ENABLE_STRICT_OBJC_MSGSEND = YES;
				ENABLE_TESTABILITY = YES;
				ENABLE_USER_SCRIPT_SANDBOXING = YES;
				GCC_C_LANGUAGE_STANDARD = gnu17;
				GCC_DYNAMIC_NO_PIC = NO;
				GCC_NO_COMMON_BLOCKS = YES;
				GCC_OPTIMIZATION_LEVEL = 0;
				GCC_PREPROCESSOR_DEFINITIONS = (
					"DEBUG=1",
					"$(inherited)",
				);
				GCC_WARN_64_TO_32_BIT_CONVERSION = YES;
				GCC_WARN_ABOUT_RETURN_TYPE = YES_ERROR;
				GCC_WARN_UNDECLARED_SELECTOR = YES;
				GCC_WARN_UNINITIALIZED_AUTOS = YES_AGGRESSIVE;
				GCC_WARN_UNUSED_FUNCTION = YES;
				GCC_WARN_UNUSED_VARIABLE = YES;
				IPHONEOS_DEPLOYMENT_TARGET = 17.2;
				LOCALIZATION_PREFERS_STRING_CATALOGS = YES;
				MTL_ENABLE_DEBUG_INFO = INCLUDE_SOURCE;
				MTL_FAST_MATH = YES;
				ONLY_ACTIVE_ARCH = YES;
				SDKROOT = iphoneos;
				SWIFT_ACTIVE_COMPILATION_CONDITIONS = "DEBUG $(inherited)";
				SWIFT_OPTIMIZATION_LEVEL = "-Onone";
			};
			name = Debug;
		};
		CFE907E92BF1C1DF00CCB1B3 /* Release */ = {
			isa = XCBuildConfiguration;
			buildSettings = {
				ALWAYS_SEARCH_USER_PATHS = NO;
				ASSETCATALOG_COMPILER_GENERATE_SWIFT_ASSET_SYMBOL_EXTENSIONS = YES;
				CLANG_ANALYZER_NONNULL = YES;
				CLANG_ANALYZER_NUMBER_OBJECT_CONVERSION = YES_AGGRESSIVE;
				CLANG_CXX_LANGUAGE_STANDARD = "gnu++20";
				CLANG_ENABLE_MODULES = YES;
				CLANG_ENABLE_OBJC_ARC = YES;
				CLANG_ENABLE_OBJC_WEAK = YES;
				CLANG_WARN_BLOCK_CAPTURE_AUTORELEASING = YES;
				CLANG_WARN_BOOL_CONVERSION = YES;
				CLANG_WARN_COMMA = YES;
				CLANG_WARN_CONSTANT_CONVERSION = YES;
				CLANG_WARN_DEPRECATED_OBJC_IMPLEMENTATIONS = YES;
				CLANG_WARN_DIRECT_OBJC_ISA_USAGE = YES_ERROR;
				CLANG_WARN_DOCUMENTATION_COMMENTS = YES;
				CLANG_WARN_EMPTY_BODY = YES;
				CLANG_WARN_ENUM_CONVERSION = YES;
				CLANG_WARN_INFINITE_RECURSION = YES;
				CLANG_WARN_INT_CONVERSION = YES;
				CLANG_WARN_NON_LITERAL_NULL_CONVERSION = YES;
				CLANG_WARN_OBJC_IMPLICIT_RETAIN_SELF = YES;
				CLANG_WARN_OBJC_LITERAL_CONVERSION = YES;
				CLANG_WARN_OBJC_ROOT_CLASS = YES_ERROR;
				CLANG_WARN_QUOTED_INCLUDE_IN_FRAMEWORK_HEADER = YES;
				CLANG_WARN_RANGE_LOOP_ANALYSIS = YES;
				CLANG_WARN_STRICT_PROTOTYPES = YES;
				CLANG_WARN_SUSPICIOUS_MOVE = YES;
				CLANG_WARN_UNGUARDED_AVAILABILITY = YES_AGGRESSIVE;
				CLANG_WARN_UNREACHABLE_CODE = YES;
				CLANG_WARN__DUPLICATE_METHOD_MATCH = YES;
				COPY_PHASE_STRIP = NO;
				DEBUG_INFORMATION_FORMAT = "dwarf-with-dsym";
				ENABLE_NS_ASSERTIONS = NO;
				ENABLE_STRICT_OBJC_MSGSEND = YES;
				ENABLE_USER_SCRIPT_SANDBOXING = YES;
				GCC_C_LANGUAGE_STANDARD = gnu17;
				GCC_NO_COMMON_BLOCKS = YES;
				GCC_WARN_64_TO_32_BIT_CONVERSION = YES;
				GCC_WARN_ABOUT_RETURN_TYPE = YES_ERROR;
				GCC_WARN_UNDECLARED_SELECTOR = YES;
				GCC_WARN_UNINITIALIZED_AUTOS = YES_AGGRESSIVE;
				GCC_WARN_UNUSED_FUNCTION = YES;
				GCC_WARN_UNUSED_VARIABLE = YES;
				IPHONEOS_DEPLOYMENT_TARGET = 17.2;
				LOCALIZATION_PREFERS_STRING_CATALOGS = YES;
				MTL_ENABLE_DEBUG_INFO = NO;
				MTL_FAST_MATH = YES;
				SDKROOT = iphoneos;
				SWIFT_COMPILATION_MODE = wholemodule;
				VALIDATE_PRODUCT = YES;
			};
			name = Release;
		};
		CFE907EB2BF1C1DF00CCB1B3 /* Debug */ = {
			isa = XCBuildConfiguration;
			buildSettings = {
				ASSETCATALOG_COMPILER_APPICON_NAME = AppIcon;
				ASSETCATALOG_COMPILER_GLOBAL_ACCENT_COLOR_NAME = AccentColor;
				CODE_SIGN_STYLE = Automatic;
				CURRENT_PROJECT_VERSION = 1;
				DEVELOPMENT_ASSET_PATHS = "\"iQuiz/Preview Content\"";
				DEVELOPMENT_TEAM = DLJJAQPB97;
				ENABLE_PREVIEWS = YES;
				GENERATE_INFOPLIST_FILE = YES;
				INFOPLIST_KEY_UIApplicationSceneManifest_Generation = YES;
				INFOPLIST_KEY_UIApplicationSupportsIndirectInputEvents = YES;
				INFOPLIST_KEY_UILaunchScreen_Generation = YES;
				INFOPLIST_KEY_UISupportedInterfaceOrientations_iPad = "UIInterfaceOrientationPortrait UIInterfaceOrientationPortraitUpsideDown UIInterfaceOrientationLandscapeLeft UIInterfaceOrientationLandscapeRight";
				INFOPLIST_KEY_UISupportedInterfaceOrientations_iPhone = "UIInterfaceOrientationPortrait UIInterfaceOrientationLandscapeLeft UIInterfaceOrientationLandscapeRight";
				LD_RUNPATH_SEARCH_PATHS = (
					"$(inherited)",
					"@executable_path/Frameworks",
				);
				MARKETING_VERSION = 1.0;
				PRODUCT_BUNDLE_IDENTIFIER = edu.uw.ischool.ahmedg10.iQuiz;
				PRODUCT_NAME = "$(TARGET_NAME)";
				SWIFT_EMIT_LOC_STRINGS = YES;
				SWIFT_VERSION = 5.0;
				TARGETED_DEVICE_FAMILY = "1,2";
			};
			name = Debug;
		};
		CFE907EC2BF1C1DF00CCB1B3 /* Release */ = {
			isa = XCBuildConfiguration;
			buildSettings = {
				ASSETCATALOG_COMPILER_APPICON_NAME = AppIcon;
				ASSETCATALOG_COMPILER_GLOBAL_ACCENT_COLOR_NAME = AccentColor;
				CODE_SIGN_STYLE = Automatic;
				CURRENT_PROJECT_VERSION = 1;
				DEVELOPMENT_ASSET_PATHS = "\"iQuiz/Preview Content\"";
				DEVELOPMENT_TEAM = DLJJAQPB97;
				ENABLE_PREVIEWS = YES;
				GENERATE_INFOPLIST_FILE = YES;
				INFOPLIST_KEY_UIApplicationSceneManifest_Generation = YES;
				INFOPLIST_KEY_UIApplicationSupportsIndirectInputEvents = YES;
				INFOPLIST_KEY_UILaunchScreen_Generation = YES;
				INFOPLIST_KEY_UISupportedInterfaceOrientations_iPad = "UIInterfaceOrientationPortrait UIInterfaceOrientationPortraitUpsideDown UIInterfaceOrientationLandscapeLeft UIInterfaceOrientationLandscapeRight";
				INFOPLIST_KEY_UISupportedInterfaceOrientations_iPhone = "UIInterfaceOrientationPortrait UIInterfaceOrientationLandscapeLeft UIInterfaceOrientationLandscapeRight";
				LD_RUNPATH_SEARCH_PATHS = (
					"$(inherited)",
					"@executable_path/Frameworks",
				);
				MARKETING_VERSION = 1.0;
				PRODUCT_BUNDLE_IDENTIFIER = edu.uw.ischool.ahmedg10.iQuiz;
				PRODUCT_NAME = "$(TARGET_NAME)";
				SWIFT_EMIT_LOC_STRINGS = YES;
				SWIFT_VERSION = 5.0;
				TARGETED_DEVICE_FAMILY = "1,2";
			};
			name = Release;
		};
		CFE907EE2BF1C1DF00CCB1B3 /* Debug */ = {
			isa = XCBuildConfiguration;
			buildSettings = {
				ALWAYS_EMBED_SWIFT_STANDARD_LIBRARIES = YES;
				BUNDLE_LOADER = "$(TEST_HOST)";
				CODE_SIGN_STYLE = Automatic;
				CURRENT_PROJECT_VERSION = 1;
				DEVELOPMENT_TEAM = DLJJAQPB97;
				GENERATE_INFOPLIST_FILE = YES;
				IPHONEOS_DEPLOYMENT_TARGET = 17.2;
				MARKETING_VERSION = 1.0;
				PRODUCT_BUNDLE_IDENTIFIER = edu.uw.ischool.ahmedg10.iQuizTests;
				PRODUCT_NAME = "$(TARGET_NAME)";
				SWIFT_EMIT_LOC_STRINGS = NO;
				SWIFT_VERSION = 5.0;
				TARGETED_DEVICE_FAMILY = "1,2";
				TEST_HOST = "$(BUILT_PRODUCTS_DIR)/iQuiz.app/$(BUNDLE_EXECUTABLE_FOLDER_PATH)/iQuiz";
			};
			name = Debug;
		};
		CFE907EF2BF1C1DF00CCB1B3 /* Release */ = {
			isa = XCBuildConfiguration;
			buildSettings = {
				ALWAYS_EMBED_SWIFT_STANDARD_LIBRARIES = YES;
				BUNDLE_LOADER = "$(TEST_HOST)";
				CODE_SIGN_STYLE = Automatic;
				CURRENT_PROJECT_VERSION = 1;
				DEVELOPMENT_TEAM = DLJJAQPB97;
				GENERATE_INFOPLIST_FILE = YES;
				IPHONEOS_DEPLOYMENT_TARGET = 17.2;
				MARKETING_VERSION = 1.0;
				PRODUCT_BUNDLE_IDENTIFIER = edu.uw.ischool.ahmedg10.iQuizTests;
				PRODUCT_NAME = "$(TARGET_NAME)";
				SWIFT_EMIT_LOC_STRINGS = NO;
				SWIFT_VERSION = 5.0;
				TARGETED_DEVICE_FAMILY = "1,2";
				TEST_HOST = "$(BUILT_PRODUCTS_DIR)/iQuiz.app/$(BUNDLE_EXECUTABLE_FOLDER_PATH)/iQuiz";
			};
			name = Release;
		};
		CFE907F12BF1C1DF00CCB1B3 /* Debug */ = {
			isa = XCBuildConfiguration;
			buildSettings = {
				ALWAYS_EMBED_SWIFT_STANDARD_LIBRARIES = YES;
				CODE_SIGN_STYLE = Automatic;
				CURRENT_PROJECT_VERSION = 1;
				DEVELOPMENT_TEAM = DLJJAQPB97;
				GENERATE_INFOPLIST_FILE = YES;
				MARKETING_VERSION = 1.0;
				PRODUCT_BUNDLE_IDENTIFIER = edu.uw.ischool.ahmedg10.iQuizUITests;
				PRODUCT_NAME = "$(TARGET_NAME)";
				SWIFT_EMIT_LOC_STRINGS = NO;
				SWIFT_VERSION = 5.0;
				TARGETED_DEVICE_FAMILY = "1,2";
				TEST_TARGET_NAME = iQuiz;
			};
			name = Debug;
		};
		CFE907F22BF1C1DF00CCB1B3 /* Release */ = {
			isa = XCBuildConfiguration;
			buildSettings = {
				ALWAYS_EMBED_SWIFT_STANDARD_LIBRARIES = YES;
				CODE_SIGN_STYLE = Automatic;
				CURRENT_PROJECT_VERSION = 1;
				DEVELOPMENT_TEAM = DLJJAQPB97;
				GENERATE_INFOPLIST_FILE = YES;
				MARKETING_VERSION = 1.0;
				PRODUCT_BUNDLE_IDENTIFIER = edu.uw.ischool.ahmedg10.iQuizUITests;
				PRODUCT_NAME = "$(TARGET_NAME)";
				SWIFT_EMIT_LOC_STRINGS = NO;
				SWIFT_VERSION = 5.0;
				TARGETED_DEVICE_FAMILY = "1,2";
				TEST_TARGET_NAME = iQuiz;
			};
			name = Release;
		};
/* End XCBuildConfiguration section */

/* Begin XCConfigurationList section */
		CFE907C12BF1C1DD00CCB1B3 /* Build configuration list for PBXProject "iQuiz" */ = {
			isa = XCConfigurationList;
			buildConfigurations = (
				CFE907E82BF1C1DF00CCB1B3 /* Debug */,
				CFE907E92BF1C1DF00CCB1B3 /* Release */,
			);
			defaultConfigurationIsVisible = 0;
			defaultConfigurationName = Release;
		};
		CFE907EA2BF1C1DF00CCB1B3 /* Build configuration list for PBXNativeTarget "iQuiz" */ = {
			isa = XCConfigurationList;
			buildConfigurations = (
				CFE907EB2BF1C1DF00CCB1B3 /* Debug */,
				CFE907EC2BF1C1DF00CCB1B3 /* Release */,
			);
			defaultConfigurationIsVisible = 0;
			defaultConfigurationName = Release;
		};
		CFE907ED2BF1C1DF00CCB1B3 /* Build configuration list for PBXNativeTarget "iQuizTests" */ = {
			isa = XCConfigurationList;
			buildConfigurations = (
				CFE907EE2BF1C1DF00CCB1B3 /* Debug */,
				CFE907EF2BF1C1DF00CCB1B3 /* Release */,
			);
			defaultConfigurationIsVisible = 0;
			defaultConfigurationName = Release;
		};
		CFE907F02BF1C1DF00CCB1B3 /* Build configuration list for PBXNativeTarget "iQuizUITests" */ = {
			isa = XCConfigurationList;
			buildConfigurations = (
				CFE907F12BF1C1DF00CCB1B3 /* Debug */,
				CFE907F22BF1C1DF00CCB1B3 /* Release */,
			);
			defaultConfigurationIsVisible = 0;
			defaultConfigurationName = Release;
		};
/* End XCConfigurationList section */
	};
	rootObject = CFE907BE2BF1C1DD00CCB1B3 /* Project object */;
}
